
Microsoft Visual Studio Solution File, Format Version 11.00
# Visual Studio 2010
Project("{FAE04EC0-301F-11D3-BF4B-00C04F79EFBC}") = "Assembly-CSharp", "Assembly-CSharp.csproj", "{99ab6808-0450-1f65-93cf-acdef506a74d}"
EndProject
Project("{FAE04EC0-301F-11D3-BF4B-00C04F79EFBC}") = "Assembly-CSharp-Editor", "Assembly-CSharp-Editor.csproj", "{5e076049-b613-ac2b-1b5a-7a447c5bf5e9}"
EndProject
Global
	GlobalSection(SolutionConfigurationPlatforms) = preSolution
		Debug|Any CPU = Debug|Any CPU
		Release|Any CPU = Release|Any CPU
	EndGlobalSection
	GlobalSection(ProjectConfigurationPlatforms) = postSolution
		{99ab6808-0450-1f65-93cf-acdef506a74d}.Debug|Any CPU.ActiveCfg = Debug|Any CPU
		{99ab6808-0450-1f65-93cf-acdef506a74d}.Debug|Any CPU.Build.0 = Debug|Any CPU
		{99ab6808-0450-1f65-93cf-acdef506a74d}.Release|Any CPU.ActiveCfg = Release|Any CPU
		{99ab6808-0450-1f65-93cf-acdef506a74d}.Release|Any CPU.Build.0 = Release|Any CPU
		{5e076049-b613-ac2b-1b5a-7a447c5bf5e9}.Debug|Any CPU.ActiveCfg = Debug|Any CPU
		{5e076049-b613-ac2b-1b5a-7a447c5bf5e9}.Debug|Any CPU.Build.0 = Debug|Any CPU
		{5e076049-b613-ac2b-1b5a-7a447c5bf5e9}.Release|Any CPU.ActiveCfg = Release|Any CPU
		{5e076049-b613-ac2b-1b5a-7a447c5bf5e9}.Release|Any CPU.Build.0 = Release|Any CPU
	EndGlobalSection
	GlobalSection(SolutionProperties) = preSolution
		HideSolutionNode = FALSE
	EndGlobalSection
EndGlobal
